
Microsoft Visual Studio Solution File, Format Version 12.00
# Visual Studio Version 17
VisualStudioVersion = 17.14.36127.28
MinimumVisualStudioVersion = 10.0.40219.1
Project("{FAE04EC0-301F-11D3-BF4B-00C04F79EFBC}") = "Eletronica.App", "Eletronica.App\Eletronica.App.csproj", "{35C067CC-9587-4A5B-A427-33A92601643B}"
EndProject
Global
	GlobalSection(SolutionConfigurationPlatforms) = preSolution
		Debug|Any CPU = Debug|Any CPU
		Release|Any CPU = Release|Any CPU
	EndGlobalSection
	GlobalSection(ProjectConfigurationPlatforms) = postSolution
		{35C067CC-9587-4A5B-A427-33A92601643B}.Debug|Any CPU.ActiveCfg = Debug|Any CPU
		{35C067CC-9587-4A5B-A427-33A92601643B}.Debug|Any CPU.Build.0 = Debug|Any CPU
		{35C067CC-9587-4A5B-A427-33A92601643B}.Release|Any CPU.ActiveCfg = Release|Any CPU
		{35C067CC-9587-4A5B-A427-33A92601643B}.Release|Any CPU.Build.0 = Release|Any CPU
	EndGlobalSection
	GlobalSection(SolutionProperties) = preSolution
		HideSolutionNode = FALSE
	EndGlobalSection
	GlobalSection(ExtensibilityGlobals) = postSolution
		SolutionGuid = {F4462DD3-EDBE-42E4-A755-4B901E1023BC}
	EndGlobalSection
EndGlobal
